
Microsoft Visual Studio Solution File, Format Version 12.00
# Visual Studio Version 17
VisualStudioVersion = 17.9.34622.214
MinimumVisualStudioVersion = 10.0.40219.1
Project("{FAE04EC0-301F-11D3-BF4B-00C04F79EFBC}") = "Practice", "Practice.csproj", "{4E9309A2-9A61-4DA6-910D-443BAFD6ED29}"
EndProject
Global
	GlobalSection(SolutionConfigurationPlatforms) = preSolution
		Debug|Any CPU = Debug|Any CPU
		Release|Any CPU = Release|Any CPU
	EndGlobalSection
	GlobalSection(ProjectConfigurationPlatforms) = postSolution
		{4E9309A2-9A61-4DA6-910D-443BAFD6ED29}.Debug|Any CPU.ActiveCfg = Debug|Any CPU
		{4E9309A2-9A61-4DA6-910D-443BAFD6ED29}.Debug|Any CPU.Build.0 = Debug|Any CPU
		{4E9309A2-9A61-4DA6-910D-443BAFD6ED29}.Release|Any CPU.ActiveCfg = Release|Any CPU
		{4E9309A2-9A61-4DA6-910D-443BAFD6ED29}.Release|Any CPU.Build.0 = Release|Any CPU
	EndGlobalSection
	GlobalSection(SolutionProperties) = preSolution
		HideSolutionNode = FALSE
	EndGlobalSection
	GlobalSection(ExtensibilityGlobals) = postSolution
		SolutionGuid = {47836910-CA47-4EB7-8DF1-37C07EC88D90}
	EndGlobalSection
EndGlobal
